
Microsoft Visual Studio Solution File, Format Version 12.00
# Visual Studio Version 16
VisualStudioVersion = 16.0.32126.315
MinimumVisualStudioVersion = 10.0.40219.1
Project("{FAE04EC0-301F-11D3-BF4B-00C04F79EFBC}") = "Web", "Web\Web.csproj", "{BE5329E7-A0AF-484E-B595-C9B6DA164587}"
EndProject
Project("{FAE04EC0-301F-11D3-BF4B-00C04F79EFBC}") = "Core", "Core\Core.csproj", "{B4A221E3-4786-4384-96B1-88D89AC32696}"
EndProject
Project("{FAE04EC0-301F-11D3-BF4B-00C04F79EFBC}") = "Infrastructure", "Infrastructure\Infrastructure.csproj", "{248C7FCC-13C2-4231-9254-8085A532BEE1}"
EndProject
Global
	GlobalSection(SolutionConfigurationPlatforms) = preSolution
		Debug|Any CPU = Debug|Any CPU
		Release|Any CPU = Release|Any CPU
	EndGlobalSection
	GlobalSection(ProjectConfigurationPlatforms) = postSolution
		{BE5329E7-A0AF-484E-B595-C9B6DA164587}.Debug|Any CPU.ActiveCfg = Debug|Any CPU
		{BE5329E7-A0AF-484E-B595-C9B6DA164587}.Debug|Any CPU.Build.0 = Debug|Any CPU
		{BE5329E7-A0AF-484E-B595-C9B6DA164587}.Release|Any CPU.ActiveCfg = Release|Any CPU
		{BE5329E7-A0AF-484E-B595-C9B6DA164587}.Release|Any CPU.Build.0 = Release|Any CPU
		{B4A221E3-4786-4384-96B1-88D89AC32696}.Debug|Any CPU.ActiveCfg = Debug|Any CPU
		{B4A221E3-4786-4384-96B1-88D89AC32696}.Debug|Any CPU.Build.0 = Debug|Any CPU
		{B4A221E3-4786-4384-96B1-88D89AC32696}.Release|Any CPU.ActiveCfg = Release|Any CPU
		{B4A221E3-4786-4384-96B1-88D89AC32696}.Release|Any CPU.Build.0 = Release|Any CPU
		{248C7FCC-13C2-4231-9254-8085A532BEE1}.Debug|Any CPU.ActiveCfg = Debug|Any CPU
		{248C7FCC-13C2-4231-9254-8085A532BEE1}.Debug|Any CPU.Build.0 = Debug|Any CPU
		{248C7FCC-13C2-4231-9254-8085A532BEE1}.Release|Any CPU.ActiveCfg = Release|Any CPU
		{248C7FCC-13C2-4231-9254-8085A532BEE1}.Release|Any CPU.Build.0 = Release|Any CPU
	EndGlobalSection
	GlobalSection(SolutionProperties) = preSolution
		HideSolutionNode = FALSE
	EndGlobalSection
	GlobalSection(ExtensibilityGlobals) = postSolution
		SolutionGuid = {EB7B3407-7D20-4C4D-BFBB-ED4D64FCBEC9}
	EndGlobalSection
EndGlobal
